
Microsoft Visual Studio Solution File, Format Version 12.00
# Visual Studio Version 17
VisualStudioVersion = 17.5.33516.290
MinimumVisualStudioVersion = 10.0.40219.1
Project("{9A19103F-16F7-4668-BE54-9A1E7A4F7556}") = "SocialMediaAPI", "SocialMediaAPI\SocialMediaAPI.csproj", "{BDA1DCB4-ADF7-4D54-9F60-1DCC14BA9164}"
EndProject
Project("{FAE04EC0-301F-11D3-BF4B-00C04F79EFBC}") = "Check Id Exist", "Check Id Exist\Check Id Exist.csproj", "{B9CB20B3-63E9-4788-AED4-6C3264D1B55B}"
EndProject
Global
	GlobalSection(SolutionConfigurationPlatforms) = preSolution
		Debug|Any CPU = Debug|Any CPU
		Release|Any CPU = Release|Any CPU
	EndGlobalSection
	GlobalSection(ProjectConfigurationPlatforms) = postSolution
		{BDA1DCB4-ADF7-4D54-9F60-1DCC14BA9164}.Debug|Any CPU.ActiveCfg = Debug|Any CPU
		{BDA1DCB4-ADF7-4D54-9F60-1DCC14BA9164}.Debug|Any CPU.Build.0 = Debug|Any CPU
		{BDA1DCB4-ADF7-4D54-9F60-1DCC14BA9164}.Release|Any CPU.ActiveCfg = Release|Any CPU
		{BDA1DCB4-ADF7-4D54-9F60-1DCC14BA9164}.Release|Any CPU.Build.0 = Release|Any CPU
		{B9CB20B3-63E9-4788-AED4-6C3264D1B55B}.Debug|Any CPU.ActiveCfg = Debug|Any CPU
		{B9CB20B3-63E9-4788-AED4-6C3264D1B55B}.Debug|Any CPU.Build.0 = Debug|Any CPU
		{B9CB20B3-63E9-4788-AED4-6C3264D1B55B}.Release|Any CPU.ActiveCfg = Release|Any CPU
		{B9CB20B3-63E9-4788-AED4-6C3264D1B55B}.Release|Any CPU.Build.0 = Release|Any CPU
	EndGlobalSection
	GlobalSection(SolutionProperties) = preSolution
		HideSolutionNode = FALSE
	EndGlobalSection
	GlobalSection(ExtensibilityGlobals) = postSolution
		SolutionGuid = {80C8B1BF-09F4-433B-9883-33F22D4E84A9}
	EndGlobalSection
EndGlobal
