
Microsoft Visual Studio Solution File, Format Version 12.00
# Visual Studio Version 17
VisualStudioVersion = 17.5.33516.290
MinimumVisualStudioVersion = 10.0.40219.1
Project("{FAE04EC0-301F-11D3-BF4B-00C04F79EFBC}") = "Basic Fundamental", "Basic Fundamental\Basic Fundamental.csproj", "{ACCCE86C-86D7-4DC3-8721-C7DFB40ACAD5}"
EndProject
Global
	GlobalSection(SolutionConfigurationPlatforms) = preSolution
		Debug|Any CPU = Debug|Any CPU
		Release|Any CPU = Release|Any CPU
	EndGlobalSection
	GlobalSection(ProjectConfigurationPlatforms) = postSolution
		{ACCCE86C-86D7-4DC3-8721-C7DFB40ACAD5}.Debug|Any CPU.ActiveCfg = Debug|Any CPU
		{ACCCE86C-86D7-4DC3-8721-C7DFB40ACAD5}.Debug|Any CPU.Build.0 = Debug|Any CPU
		{ACCCE86C-86D7-4DC3-8721-C7DFB40ACAD5}.Release|Any CPU.ActiveCfg = Release|Any CPU
		{ACCCE86C-86D7-4DC3-8721-C7DFB40ACAD5}.Release|Any CPU.Build.0 = Release|Any CPU
	EndGlobalSection
	GlobalSection(SolutionProperties) = preSolution
		HideSolutionNode = FALSE
	EndGlobalSection
	GlobalSection(ExtensibilityGlobals) = postSolution
		SolutionGuid = {6457A18A-71AF-4C00-A55E-7A81CBF86798}
	EndGlobalSection
EndGlobal
