
Microsoft Visual Studio Solution File, Format Version 12.00
# Visual Studio Version 17
VisualStudioVersion = 17.5.33516.290
MinimumVisualStudioVersion = 10.0.40219.1
Project("{FAE04EC0-301F-11D3-BF4B-00C04F79EFBC}") = "Dependency_Injection", "Dependency_Injection\Dependency_Injection.csproj", "{07F81178-5E4B-4ACB-B590-7232A1A85F40}"
EndProject
Global
	GlobalSection(SolutionConfigurationPlatforms) = preSolution
		Debug|Any CPU = Debug|Any CPU
		Release|Any CPU = Release|Any CPU
	EndGlobalSection
	GlobalSection(ProjectConfigurationPlatforms) = postSolution
		{07F81178-5E4B-4ACB-B590-7232A1A85F40}.Debug|Any CPU.ActiveCfg = Debug|Any CPU
		{07F81178-5E4B-4ACB-B590-7232A1A85F40}.Debug|Any CPU.Build.0 = Debug|Any CPU
		{07F81178-5E4B-4ACB-B590-7232A1A85F40}.Release|Any CPU.ActiveCfg = Release|Any CPU
		{07F81178-5E4B-4ACB-B590-7232A1A85F40}.Release|Any CPU.Build.0 = Release|Any CPU
	EndGlobalSection
	GlobalSection(SolutionProperties) = preSolution
		HideSolutionNode = FALSE
	EndGlobalSection
	GlobalSection(ExtensibilityGlobals) = postSolution
		SolutionGuid = {A8703053-A63C-4781-9998-F66E47B640AD}
	EndGlobalSection
EndGlobal
