
Microsoft Visual Studio Solution File, Format Version 12.00
# Visual Studio Version 17
VisualStudioVersion = 17.5.33516.290
MinimumVisualStudioVersion = 10.0.40219.1
Project("{FAE04EC0-301F-11D3-BF4B-00C04F79EFBC}") = "MVC", "MVC\MVC.csproj", "{D4226D8A-4E32-40EA-903C-550BB6968028}"
EndProject
Global
	GlobalSection(SolutionConfigurationPlatforms) = preSolution
		Debug|Any CPU = Debug|Any CPU
		Release|Any CPU = Release|Any CPU
	EndGlobalSection
	GlobalSection(ProjectConfigurationPlatforms) = postSolution
		{D4226D8A-4E32-40EA-903C-550BB6968028}.Debug|Any CPU.ActiveCfg = Debug|Any CPU
		{D4226D8A-4E32-40EA-903C-550BB6968028}.Debug|Any CPU.Build.0 = Debug|Any CPU
		{D4226D8A-4E32-40EA-903C-550BB6968028}.Release|Any CPU.ActiveCfg = Release|Any CPU
		{D4226D8A-4E32-40EA-903C-550BB6968028}.Release|Any CPU.Build.0 = Release|Any CPU
	EndGlobalSection
	GlobalSection(SolutionProperties) = preSolution
		HideSolutionNode = FALSE
	EndGlobalSection
	GlobalSection(ExtensibilityGlobals) = postSolution
		SolutionGuid = {2E53988F-5E8E-4361-94F3-E797F5641D23}
	EndGlobalSection
EndGlobal
