
Microsoft Visual Studio Solution File, Format Version 12.00
# Visual Studio Version 17
VisualStudioVersion = 17.5.33516.290
MinimumVisualStudioVersion = 10.0.40219.1
Project("{FAE04EC0-301F-11D3-BF4B-00C04F79EFBC}") = "Generics", "Generics\Generics.csproj", "{39349802-54BA-4FBD-87E1-AC2C4EA4F2DF}"
EndProject
Global
	GlobalSection(SolutionConfigurationPlatforms) = preSolution
		Debug|Any CPU = Debug|Any CPU
		Release|Any CPU = Release|Any CPU
	EndGlobalSection
	GlobalSection(ProjectConfigurationPlatforms) = postSolution
		{39349802-54BA-4FBD-87E1-AC2C4EA4F2DF}.Debug|Any CPU.ActiveCfg = Debug|Any CPU
		{39349802-54BA-4FBD-87E1-AC2C4EA4F2DF}.Debug|Any CPU.Build.0 = Debug|Any CPU
		{39349802-54BA-4FBD-87E1-AC2C4EA4F2DF}.Release|Any CPU.ActiveCfg = Release|Any CPU
		{39349802-54BA-4FBD-87E1-AC2C4EA4F2DF}.Release|Any CPU.Build.0 = Release|Any CPU
	EndGlobalSection
	GlobalSection(SolutionProperties) = preSolution
		HideSolutionNode = FALSE
	EndGlobalSection
	GlobalSection(ExtensibilityGlobals) = postSolution
		SolutionGuid = {5E3A589E-2DF2-455D-B563-07B9DFFF4BB2}
	EndGlobalSection
EndGlobal
