
Microsoft Visual Studio Solution File, Format Version 12.00
# Visual Studio Version 17
VisualStudioVersion = 17.5.33516.290
MinimumVisualStudioVersion = 10.0.40219.1
Project("{FAE04EC0-301F-11D3-BF4B-00C04F79EFBC}") = "QueryStringParameterVersioning", "QueryStringParameterVersioning\QueryStringParameterVersioning.csproj", "{F0266239-760A-4F1A-AC1E-F5F40E1373E5}"
EndProject
Global
	GlobalSection(SolutionConfigurationPlatforms) = preSolution
		Debug|Any CPU = Debug|Any CPU
		Release|Any CPU = Release|Any CPU
	EndGlobalSection
	GlobalSection(ProjectConfigurationPlatforms) = postSolution
		{F0266239-760A-4F1A-AC1E-F5F40E1373E5}.Debug|Any CPU.ActiveCfg = Debug|Any CPU
		{F0266239-760A-4F1A-AC1E-F5F40E1373E5}.Debug|Any CPU.Build.0 = Debug|Any CPU
		{F0266239-760A-4F1A-AC1E-F5F40E1373E5}.Release|Any CPU.ActiveCfg = Release|Any CPU
		{F0266239-760A-4F1A-AC1E-F5F40E1373E5}.Release|Any CPU.Build.0 = Release|Any CPU
	EndGlobalSection
	GlobalSection(SolutionProperties) = preSolution
		HideSolutionNode = FALSE
	EndGlobalSection
	GlobalSection(ExtensibilityGlobals) = postSolution
		SolutionGuid = {6E3F68E2-75BE-44E9-A03C-09F43C17C4E9}
	EndGlobalSection
EndGlobal
