
Microsoft Visual Studio Solution File, Format Version 12.00
# Visual Studio Version 17
VisualStudioVersion = 17.5.33516.290
MinimumVisualStudioVersion = 10.0.40219.1
Project("{FAE04EC0-301F-11D3-BF4B-00C04F79EFBC}") = "Base Library", "Base Library\Base Library.csproj", "{39368FE2-4683-40E0-BC5A-9D4C346D57DC}"
EndProject
Project("{FAE04EC0-301F-11D3-BF4B-00C04F79EFBC}") = "GenericCollectionList", "GenericCollectionList\GenericCollectionList.csproj", "{1AFCDEDD-0730-410E-80FE-0D51B7C3D024}"
EndProject
Global
	GlobalSection(SolutionConfigurationPlatforms) = preSolution
		Debug|Any CPU = Debug|Any CPU
		Release|Any CPU = Release|Any CPU
	EndGlobalSection
	GlobalSection(ProjectConfigurationPlatforms) = postSolution
		{39368FE2-4683-40E0-BC5A-9D4C346D57DC}.Debug|Any CPU.ActiveCfg = Debug|Any CPU
		{39368FE2-4683-40E0-BC5A-9D4C346D57DC}.Debug|Any CPU.Build.0 = Debug|Any CPU
		{39368FE2-4683-40E0-BC5A-9D4C346D57DC}.Release|Any CPU.ActiveCfg = Release|Any CPU
		{39368FE2-4683-40E0-BC5A-9D4C346D57DC}.Release|Any CPU.Build.0 = Release|Any CPU
		{1AFCDEDD-0730-410E-80FE-0D51B7C3D024}.Debug|Any CPU.ActiveCfg = Debug|Any CPU
		{1AFCDEDD-0730-410E-80FE-0D51B7C3D024}.Debug|Any CPU.Build.0 = Debug|Any CPU
		{1AFCDEDD-0730-410E-80FE-0D51B7C3D024}.Release|Any CPU.ActiveCfg = Release|Any CPU
		{1AFCDEDD-0730-410E-80FE-0D51B7C3D024}.Release|Any CPU.Build.0 = Release|Any CPU
	EndGlobalSection
	GlobalSection(SolutionProperties) = preSolution
		HideSolutionNode = FALSE
	EndGlobalSection
	GlobalSection(ExtensibilityGlobals) = postSolution
		SolutionGuid = {CA159515-8CDD-4B1C-BE12-532E22ED8631}
	EndGlobalSection
EndGlobal
