
Microsoft Visual Studio Solution File, Format Version 12.00
# Visual Studio Version 17
VisualStudioVersion = 17.5.33516.290
MinimumVisualStudioVersion = 10.0.40219.1
Project("{FAE04EC0-301F-11D3-BF4B-00C04F79EFBC}") = "HttpCaching", "HttpCaching\HttpCaching.csproj", "{F7C5D638-7740-4AF9-BEE8-51BD3E236351}"
EndProject
Global
	GlobalSection(SolutionConfigurationPlatforms) = preSolution
		Debug|Any CPU = Debug|Any CPU
		Release|Any CPU = Release|Any CPU
	EndGlobalSection
	GlobalSection(ProjectConfigurationPlatforms) = postSolution
		{F7C5D638-7740-4AF9-BEE8-51BD3E236351}.Debug|Any CPU.ActiveCfg = Debug|Any CPU
		{F7C5D638-7740-4AF9-BEE8-51BD3E236351}.Debug|Any CPU.Build.0 = Debug|Any CPU
		{F7C5D638-7740-4AF9-BEE8-51BD3E236351}.Release|Any CPU.ActiveCfg = Release|Any CPU
		{F7C5D638-7740-4AF9-BEE8-51BD3E236351}.Release|Any CPU.Build.0 = Release|Any CPU
	EndGlobalSection
	GlobalSection(SolutionProperties) = preSolution
		HideSolutionNode = FALSE
	EndGlobalSection
	GlobalSection(ExtensibilityGlobals) = postSolution
		SolutionGuid = {7D2C9CC7-C873-4E71-957E-53FC352108B6}
	EndGlobalSection
EndGlobal
