
Microsoft Visual Studio Solution File, Format Version 12.00
# Visual Studio Version 17
VisualStudioVersion = 17.5.33516.290
MinimumVisualStudioVersion = 10.0.40219.1
Project("{FAE04EC0-301F-11D3-BF4B-00C04F79EFBC}") = "StringClass", "StringClass\StringClass.csproj", "{7C180115-EC39-4CF3-89D5-1CC8F5570ADC}"
EndProject
Global
	GlobalSection(SolutionConfigurationPlatforms) = preSolution
		Debug|Any CPU = Debug|Any CPU
		Release|Any CPU = Release|Any CPU
	EndGlobalSection
	GlobalSection(ProjectConfigurationPlatforms) = postSolution
		{7C180115-EC39-4CF3-89D5-1CC8F5570ADC}.Debug|Any CPU.ActiveCfg = Debug|Any CPU
		{7C180115-EC39-4CF3-89D5-1CC8F5570ADC}.Debug|Any CPU.Build.0 = Debug|Any CPU
		{7C180115-EC39-4CF3-89D5-1CC8F5570ADC}.Release|Any CPU.ActiveCfg = Release|Any CPU
		{7C180115-EC39-4CF3-89D5-1CC8F5570ADC}.Release|Any CPU.Build.0 = Release|Any CPU
	EndGlobalSection
	GlobalSection(SolutionProperties) = preSolution
		HideSolutionNode = FALSE
	EndGlobalSection
	GlobalSection(ExtensibilityGlobals) = postSolution
		SolutionGuid = {A8D5AD42-0CCF-4B79-86B8-DEBACC1B7A65}
	EndGlobalSection
EndGlobal
