
Microsoft Visual Studio Solution File, Format Version 12.00
# Visual Studio Version 17
VisualStudioVersion = 17.5.33516.290
MinimumVisualStudioVersion = 10.0.40219.1
Project("{FAE04EC0-301F-11D3-BF4B-00C04F79EFBC}") = "Basic WebAPI", "Basic WebAPI\Basic WebAPI.csproj", "{980AA060-9131-43A3-A1DE-9B066ED5173A}"
EndProject
Global
	GlobalSection(SolutionConfigurationPlatforms) = preSolution
		Debug|Any CPU = Debug|Any CPU
		Release|Any CPU = Release|Any CPU
	EndGlobalSection
	GlobalSection(ProjectConfigurationPlatforms) = postSolution
		{980AA060-9131-43A3-A1DE-9B066ED5173A}.Debug|Any CPU.ActiveCfg = Debug|Any CPU
		{980AA060-9131-43A3-A1DE-9B066ED5173A}.Debug|Any CPU.Build.0 = Debug|Any CPU
		{980AA060-9131-43A3-A1DE-9B066ED5173A}.Release|Any CPU.ActiveCfg = Release|Any CPU
		{980AA060-9131-43A3-A1DE-9B066ED5173A}.Release|Any CPU.Build.0 = Release|Any CPU
	EndGlobalSection
	GlobalSection(SolutionProperties) = preSolution
		HideSolutionNode = FALSE
	EndGlobalSection
	GlobalSection(ExtensibilityGlobals) = postSolution
		SolutionGuid = {0AC18C37-C075-4E9F-8250-CD10E9454321}
	EndGlobalSection
EndGlobal
