
Microsoft Visual Studio Solution File, Format Version 12.00
# Visual Studio Version 17
VisualStudioVersion = 17.5.33516.290
MinimumVisualStudioVersion = 10.0.40219.1
Project("{FAE04EC0-301F-11D3-BF4B-00C04F79EFBC}") = "Types of Classes", "Types of Classes\Types of Classes.csproj", "{4D79DE22-CF6E-460A-8921-0EDA706C36AE}"
EndProject
Global
	GlobalSection(SolutionConfigurationPlatforms) = preSolution
		Debug|Any CPU = Debug|Any CPU
		Release|Any CPU = Release|Any CPU
	EndGlobalSection
	GlobalSection(ProjectConfigurationPlatforms) = postSolution
		{4D79DE22-CF6E-460A-8921-0EDA706C36AE}.Debug|Any CPU.ActiveCfg = Debug|Any CPU
		{4D79DE22-CF6E-460A-8921-0EDA706C36AE}.Debug|Any CPU.Build.0 = Debug|Any CPU
		{4D79DE22-CF6E-460A-8921-0EDA706C36AE}.Release|Any CPU.ActiveCfg = Release|Any CPU
		{4D79DE22-CF6E-460A-8921-0EDA706C36AE}.Release|Any CPU.Build.0 = Release|Any CPU
	EndGlobalSection
	GlobalSection(SolutionProperties) = preSolution
		HideSolutionNode = FALSE
	EndGlobalSection
	GlobalSection(ExtensibilityGlobals) = postSolution
		SolutionGuid = {22D35571-B2E8-44E6-A969-E8BDD5555F86}
	EndGlobalSection
EndGlobal
