
Microsoft Visual Studio Solution File, Format Version 12.00
# Visual Studio Version 17
VisualStudioVersion = 17.8.34330.188
MinimumVisualStudioVersion = 10.0.40219.1
Project("{FAE04EC0-301F-11D3-BF4B-00C04F79EFBC}") = "Statements", "Statements.csproj", "{45C966EA-FE59-4B12-A93D-23FF680AB085}"
EndProject
Global
	GlobalSection(SolutionConfigurationPlatforms) = preSolution
		Debug|Any CPU = Debug|Any CPU
		Release|Any CPU = Release|Any CPU
	EndGlobalSection
	GlobalSection(ProjectConfigurationPlatforms) = postSolution
		{45C966EA-FE59-4B12-A93D-23FF680AB085}.Debug|Any CPU.ActiveCfg = Debug|Any CPU
		{45C966EA-FE59-4B12-A93D-23FF680AB085}.Debug|Any CPU.Build.0 = Debug|Any CPU
		{45C966EA-FE59-4B12-A93D-23FF680AB085}.Release|Any CPU.ActiveCfg = Release|Any CPU
		{45C966EA-FE59-4B12-A93D-23FF680AB085}.Release|Any CPU.Build.0 = Release|Any CPU
	EndGlobalSection
	GlobalSection(SolutionProperties) = preSolution
		HideSolutionNode = FALSE
	EndGlobalSection
	GlobalSection(ExtensibilityGlobals) = postSolution
		SolutionGuid = {2BC1DD55-66A3-4061-B5CA-D607339C6AA8}
	EndGlobalSection
EndGlobal
