
Microsoft Visual Studio Solution File, Format Version 12.00
# Visual Studio Version 17
VisualStudioVersion = 17.8.34330.188
MinimumVisualStudioVersion = 10.0.40219.1
Project("{FAE04EC0-301F-11D3-BF4B-00C04F79EFBC}") = "OOP", "OOP.csproj", "{EA94E54B-8CFD-485E-A00C-B2AE08CE4646}"
EndProject
Global
	GlobalSection(SolutionConfigurationPlatforms) = preSolution
		Debug|Any CPU = Debug|Any CPU
		Release|Any CPU = Release|Any CPU
	EndGlobalSection
	GlobalSection(ProjectConfigurationPlatforms) = postSolution
		{EA94E54B-8CFD-485E-A00C-B2AE08CE4646}.Debug|Any CPU.ActiveCfg = Debug|Any CPU
		{EA94E54B-8CFD-485E-A00C-B2AE08CE4646}.Debug|Any CPU.Build.0 = Debug|Any CPU
		{EA94E54B-8CFD-485E-A00C-B2AE08CE4646}.Release|Any CPU.ActiveCfg = Release|Any CPU
		{EA94E54B-8CFD-485E-A00C-B2AE08CE4646}.Release|Any CPU.Build.0 = Release|Any CPU
	EndGlobalSection
	GlobalSection(SolutionProperties) = preSolution
		HideSolutionNode = FALSE
	EndGlobalSection
	GlobalSection(ExtensibilityGlobals) = postSolution
		SolutionGuid = {D3D55761-0861-4F99-B79E-76BAAEA29232}
	EndGlobalSection
EndGlobal
