
Microsoft Visual Studio Solution File, Format Version 12.00
# Visual Studio Version 17
VisualStudioVersion = 17.5.33516.290
MinimumVisualStudioVersion = 10.0.40219.1
Project("{FAE04EC0-301F-11D3-BF4B-00C04F79EFBC}") = "Routing-webapi", "Routing-webapi\Routing-webapi.csproj", "{966997AD-D741-4955-9B43-D52ED95DAB20}"
EndProject
Global
	GlobalSection(SolutionConfigurationPlatforms) = preSolution
		Debug|Any CPU = Debug|Any CPU
		Release|Any CPU = Release|Any CPU
	EndGlobalSection
	GlobalSection(ProjectConfigurationPlatforms) = postSolution
		{966997AD-D741-4955-9B43-D52ED95DAB20}.Debug|Any CPU.ActiveCfg = Debug|Any CPU
		{966997AD-D741-4955-9B43-D52ED95DAB20}.Debug|Any CPU.Build.0 = Debug|Any CPU
		{966997AD-D741-4955-9B43-D52ED95DAB20}.Release|Any CPU.ActiveCfg = Release|Any CPU
		{966997AD-D741-4955-9B43-D52ED95DAB20}.Release|Any CPU.Build.0 = Release|Any CPU
	EndGlobalSection
	GlobalSection(SolutionProperties) = preSolution
		HideSolutionNode = FALSE
	EndGlobalSection
	GlobalSection(ExtensibilityGlobals) = postSolution
		SolutionGuid = {8BFEBAA8-A924-4F58-9C1D-054EF19D22BE}
	EndGlobalSection
EndGlobal
