
Microsoft Visual Studio Solution File, Format Version 12.00
# Visual Studio Version 17
VisualStudioVersion = 17.5.33516.290
MinimumVisualStudioVersion = 10.0.40219.1
Project("{FAE04EC0-301F-11D3-BF4B-00C04F79EFBC}") = "enums", "enums\enums.csproj", "{96FFCBBB-8F61-4C0B-B6EB-EDFADE088CDE}"
EndProject
Global
	GlobalSection(SolutionConfigurationPlatforms) = preSolution
		Debug|Any CPU = Debug|Any CPU
		Release|Any CPU = Release|Any CPU
	EndGlobalSection
	GlobalSection(ProjectConfigurationPlatforms) = postSolution
		{96FFCBBB-8F61-4C0B-B6EB-EDFADE088CDE}.Debug|Any CPU.ActiveCfg = Debug|Any CPU
		{96FFCBBB-8F61-4C0B-B6EB-EDFADE088CDE}.Debug|Any CPU.Build.0 = Debug|Any CPU
		{96FFCBBB-8F61-4C0B-B6EB-EDFADE088CDE}.Release|Any CPU.ActiveCfg = Release|Any CPU
		{96FFCBBB-8F61-4C0B-B6EB-EDFADE088CDE}.Release|Any CPU.Build.0 = Release|Any CPU
	EndGlobalSection
	GlobalSection(SolutionProperties) = preSolution
		HideSolutionNode = FALSE
	EndGlobalSection
	GlobalSection(ExtensibilityGlobals) = postSolution
		SolutionGuid = {245DD828-32EC-4E47-AD8F-B3A57609B409}
	EndGlobalSection
EndGlobal
