
Microsoft Visual Studio Solution File, Format Version 12.00
# Visual Studio Version 17
VisualStudioVersion = 17.5.33516.290
MinimumVisualStudioVersion = 10.0.40219.1
Project("{FAE04EC0-301F-11D3-BF4B-00C04F79EFBC}") = "ExtensionMethods", "ExtensionMethods\ExtensionMethods.csproj", "{AE6EA663-CD20-4081-B7D0-510E984DB74B}"
EndProject
Global
	GlobalSection(SolutionConfigurationPlatforms) = preSolution
		Debug|Any CPU = Debug|Any CPU
		Release|Any CPU = Release|Any CPU
	EndGlobalSection
	GlobalSection(ProjectConfigurationPlatforms) = postSolution
		{AE6EA663-CD20-4081-B7D0-510E984DB74B}.Debug|Any CPU.ActiveCfg = Debug|Any CPU
		{AE6EA663-CD20-4081-B7D0-510E984DB74B}.Debug|Any CPU.Build.0 = Debug|Any CPU
		{AE6EA663-CD20-4081-B7D0-510E984DB74B}.Release|Any CPU.ActiveCfg = Release|Any CPU
		{AE6EA663-CD20-4081-B7D0-510E984DB74B}.Release|Any CPU.Build.0 = Release|Any CPU
	EndGlobalSection
	GlobalSection(SolutionProperties) = preSolution
		HideSolutionNode = FALSE
	EndGlobalSection
	GlobalSection(ExtensibilityGlobals) = postSolution
		SolutionGuid = {91B12418-2DFA-421B-B838-CDA7D1EDA1B3}
	EndGlobalSection
EndGlobal
